// !$*UTF8*$!
{
	archiveVersion = 1;
	classes = {
	};
	objectVersion = 56;
	objects = {

/* Begin PBXBuildFile section */
		4A98C6962BE56EA300A49A15 /* Day_JournalApp.swift in Sources */ = {isa = PBXBuildFile; fileRef = 4A98C6952BE56EA300A49A15 /* Day_JournalApp.swift */; };
		4A98C6982BE56EA300A49A15 /* JournalEntriesListView.swift in Sources */ = {isa = PBXBuildFile; fileRef = 4A98C6972BE56EA300A49A15 /* JournalEntriesListView.swift */; };
		4A98C69A2BE56EA500A49A15 /* Assets.xcassets in Resources */ = {isa = PBXBuildFile; fileRef = 4A98C6992BE56EA500A49A15 /* Assets.xcassets */; };
		4A98C69D2BE56EA500A49A15 /* Preview Assets.xcassets in Resources */ = {isa = PBXBuildFile; fileRef = 4A98C69C2BE56EA500A49A15 /* Preview Assets.xcassets */; };
		4A98C6A42BE60D8A00A49A15 /* JournalEntry.swift in Sources */ = {isa = PBXBuildFile; fileRef = 4A98C6A32BE60D8A00A49A15 /* JournalEntry.swift */; };
		4A98C6A62BE6198500A49A15 /* JournalEntryDetailView.swift in Sources */ = {isa = PBXBuildFile; fileRef = 4A98C6A52BE6198500A49A15 /* JournalEntryDetailView.swift */; };
		4A98C6A82BE9D0AE00A49A15 /* JournalEntryRowView.swift in Sources */ = {isa = PBXBuildFile; fileRef = 4A98C6A72BE9D0AE00A49A15 /* JournalEntryRowView.swift */; };
		4A98C6C62BEA8C0000A49A15 /* CreateJournalEntryView.swift in Sources */ = {isa = PBXBuildFile; fileRef = 4A98C6C52BEA8C0000A49A15 /* CreateJournalEntryView.swift */; };
		4A98C6C82BEB40FE00A49A15 /* EditJournalEntryView.swift in Sources */ = {isa = PBXBuildFile; fileRef = 4A98C6C72BEB40FE00A49A15 /* EditJournalEntryView.swift */; };
/* End PBXBuildFile section */

/* Begin PBXFileReference section */
		4A98C6922BE56EA300A49A15 /* Day Journal.app */ = {isa = PBXFileReference; explicitFileType = wrapper.application; includeInIndex = 0; path = "Day Journal.app"; sourceTree = BUILT_PRODUCTS_DIR; };
		4A98C6952BE56EA300A49A15 /* Day_JournalApp.swift */ = {isa = PBXFileReference; lastKnownFileType = sourcecode.swift; path = Day_JournalApp.swift; sourceTree = "<group>"; };
		4A98C6972BE56EA300A49A15 /* JournalEntriesListView.swift */ = {isa = PBXFileReference; lastKnownFileType = sourcecode.swift; path = JournalEntriesListView.swift; sourceTree = "<group>"; };
		4A98C6992BE56EA500A49A15 /* Assets.xcassets */ = {isa = PBXFileReference; lastKnownFileType = folder.assetcatalog; path = Assets.xcassets; sourceTree = "<group>"; };
		4A98C69C2BE56EA500A49A15 /* Preview Assets.xcassets */ = {isa = PBXFileReference; lastKnownFileType = folder.assetcatalog; path = "Preview Assets.xcassets"; sourceTree = "<group>"; };
		4A98C6A32BE60D8A00A49A15 /* JournalEntry.swift */ = {isa = PBXFileReference; lastKnownFileType = sourcecode.swift; path = JournalEntry.swift; sourceTree = "<group>"; };
		4A98C6A52BE6198500A49A15 /* JournalEntryDetailView.swift */ = {isa = PBXFileReference; lastKnownFileType = sourcecode.swift; path = JournalEntryDetailView.swift; sourceTree = "<group>"; };
		4A98C6A72BE9D0AE00A49A15 /* JournalEntryRowView.swift */ = {isa = PBXFileReference; lastKnownFileType = sourcecode.swift; path = JournalEntryRowView.swift; sourceTree = "<group>"; };
		4A98C6C52BEA8C0000A49A15 /* CreateJournalEntryView.swift */ = {isa = PBXFileReference; lastKnownFileType = sourcecode.swift; path = CreateJournalEntryView.swift; sourceTree = "<group>"; };
		4A98C6C72BEB40FE00A49A15 /* EditJournalEntryView.swift */ = {isa = PBXFileReference; lastKnownFileType = sourcecode.swift; path = EditJournalEntryView.swift; sourceTree = "<group>"; };
/* End PBXFileReference section */

/* Begin PBXFrameworksBuildPhase section */
		4A98C68F2BE56EA300A49A15 /* Frameworks */ = {
			isa = PBXFrameworksBuildPhase;
			buildActionMask = 2147483647;
			files = (
			);
			runOnlyForDeploymentPostprocessing = 0;
		};
/* End PBXFrameworksBuildPhase section */

/* Begin PBXGroup section */
		4A98C6892BE56EA300A49A15 = {
			isa = PBXGroup;
			children = (
				4A98C6942BE56EA300A49A15 /* Day Journal */,
				4A98C6932BE56EA300A49A15 /* Products */,
			);
			sourceTree = "<group>";
		};
		4A98C6932BE56EA300A49A15 /* Products */ = {
			isa = PBXGroup;
			children = (
				4A98C6922BE56EA300A49A15 /* Day Journal.app */,
			);
			name = Products;
			sourceTree = "<group>";
		};
		4A98C6942BE56EA300A49A15 /* Day Journal */ = {
			isa = PBXGroup;
			children = (
				4A98C6952BE56EA300A49A15 /* Day_JournalApp.swift */,
				4A98C6A32BE60D8A00A49A15 /* JournalEntry.swift */,
				4A98C6972BE56EA300A49A15 /* JournalEntriesListView.swift */,
				4A98C6A52BE6198500A49A15 /* JournalEntryDetailView.swift */,
				4A98C6A72BE9D0AE00A49A15 /* JournalEntryRowView.swift */,
				4A98C6C52BEA8C0000A49A15 /* CreateJournalEntryView.swift */,
				4A98C6C72BEB40FE00A49A15 /* EditJournalEntryView.swift */,
				4A98C6992BE56EA500A49A15 /* Assets.xcassets */,
				4A98C69B2BE56EA500A49A15 /* Preview Content */,
			);
			path = "Day Journal";
			sourceTree = "<group>";
		};
		4A98C69B2BE56EA500A49A15 /* Preview Content */ = {
			isa = PBXGroup;
			children = (
				4A98C69C2BE56EA500A49A15 /* Preview Assets.xcassets */,
			);
			path = "Preview Content";
			sourceTree = "<group>";
		};
/* End PBXGroup section */

/* Begin PBXNativeTarget section */
		4A98C6912BE56EA300A49A15 /* Day Journal */ = {
			isa = PBXNativeTarget;
			buildConfigurationList = 4A98C6A02BE56EA500A49A15 /* Build configuration list for PBXNativeTarget "Day Journal" */;
			buildPhases = (
				4A98C68E2BE56EA300A49A15 /* Sources */,
				4A98C68F2BE56EA300A49A15 /* Frameworks */,
				4A98C6902BE56EA300A49A15 /* Resources */,
			);
			buildRules = (
			);
			dependencies = (
			);
			name = "Day Journal";
			productName = "Day Journal";
			productReference = 4A98C6922BE56EA300A49A15 /* Day Journal.app */;
			productType = "com.apple.product-type.application";
		};
/* End PBXNativeTarget section */

/* Begin PBXProject section */
		4A98C68A2BE56EA300A49A15 /* Project object */ = {
			isa = PBXProject;
			attributes = {
				BuildIndependentTargetsInParallel = 1;
				LastSwiftUpdateCheck = 1530;
				LastUpgradeCheck = 1530;
				TargetAttributes = {
					4A98C6912BE56EA300A49A15 = {
						CreatedOnToolsVersion = 15.3;
					};
				};
			};
			buildConfigurationList = 4A98C68D2BE56EA300A49A15 /* Build configuration list for PBXProject "Day Journal" */;
			compatibilityVersion = "Xcode 14.0";
			developmentRegion = en;
			hasScannedForEncodings = 0;
			knownRegions = (
				en,
				Base,
			);
			mainGroup = 4A98C6892BE56EA300A49A15;
			productRefGroup = 4A98C6932BE56EA300A49A15 /* Products */;
			projectDirPath = "";
			projectRoot = "";
			targets = (
				4A98C6912BE56EA300A49A15 /* Day Journal */,
			);
		};
/* End PBXProject section */

/* Begin PBXResourcesBuildPhase section */
		4A98C6902BE56EA300A49A15 /* Resources */ = {
			isa = PBXResourcesBuildPhase;
			buildActionMask = 2147483647;
			files = (
				4A98C69D2BE56EA500A49A15 /* Preview Assets.xcassets in Resources */,
				4A98C69A2BE56EA500A49A15 /* Assets.xcassets in Resources */,
			);
			runOnlyForDeploymentPostprocessing = 0;
		};
/* End PBXResourcesBuildPhase section */

/* Begin PBXSourcesBuildPhase section */
		4A98C68E2BE56EA300A49A15 /* Sources */ = {
			isa = PBXSourcesBuildPhase;
			buildActionMask = 2147483647;
			files = (
				4A98C6C82BEB40FE00A49A15 /* EditJournalEntryView.swift in Sources */,
				4A98C6A82BE9D0AE00A49A15 /* JournalEntryRowView.swift in Sources */,
				4A98C6A42BE60D8A00A49A15 /* JournalEntry.swift in Sources */,
				4A98C6982BE56EA300A49A15 /* JournalEntriesListView.swift in Sources */,
				4A98C6A62BE6198500A49A15 /* JournalEntryDetailView.swift in Sources */,
				4A98C6962BE56EA300A49A15 /* Day_JournalApp.swift in Sources */,
				4A98C6C62BEA8C0000A49A15 /* CreateJournalEntryView.swift in Sources */,
			);
			runOnlyForDeploymentPostprocessing = 0;
		};
/* End PBXSourcesBuildPhase section */

/* Begin XCBuildConfiguration section */
		4A98C69E2BE56EA500A49A15 /* Debug */ = {
			isa = XCBuildConfiguration;
			buildSettings = {
				ALWAYS_SEARCH_USER_PATHS = NO;
				ASSETCATALOG_COMPILER_GENERATE_SWIFT_ASSET_SYMBOL_EXTENSIONS = YES;
				CLANG_ANALYZER_NONNULL = YES;
				CLANG_ANALYZER_NUMBER_OBJECT_CONVERSION = YES_AGGRESSIVE;
				CLANG_CXX_LANGUAGE_STANDARD = "gnu++20";
				CLANG_ENABLE_MODULES = YES;
				CLANG_ENABLE_OBJC_ARC = YES;
				CLANG_ENABLE_OBJC_WEAK = YES;
				CLANG_WARN_BLOCK_CAPTURE_AUTORELEASING = YES;
				CLANG_WARN_BOOL_CONVERSION = YES;
				CLANG_WARN_COMMA = YES;
				CLANG_WARN_CONSTANT_CONVERSION = YES;
				CLANG_WARN_DEPRECATED_OBJC_IMPLEMENTATIONS = YES;
				CLANG_WARN_DIRECT_OBJC_ISA_USAGE = YES_ERROR;
				CLANG_WARN_DOCUMENTATION_COMMENTS = YES;
				CLANG_WARN_EMPTY_BODY = YES;
				CLANG_WARN_ENUM_CONVERSION = YES;
				CLANG_WARN_INFINITE_RECURSION = YES;
				CLANG_WARN_INT_CONVERSION = YES;
				CLANG_WARN_NON_LITERAL_NULL_CONVERSION = YES;
				CLANG_WARN_OBJC_IMPLICIT_RETAIN_SELF = YES;
				CLANG_WARN_OBJC_LITERAL_CONVERSION = YES;
				CLANG_WARN_OBJC_ROOT_CLASS = YES_ERROR;
				CLANG_WARN_QUOTED_INCLUDE_IN_FRAMEWORK_HEADER = YES;
				CLANG_WARN_RANGE_LOOP_ANALYSIS = YES;
				CLANG_WARN_STRICT_PROTOTYPES = YES;
				CLANG_WARN_SUSPICIOUS_MOVE = YES;
				CLANG_WARN_UNGUARDED_AVAILABILITY = YES_AGGRESSIVE;
				CLANG_WARN_UNREACHABLE_CODE = YES;
				CLANG_WARN__DUPLICATE_METHOD_MATCH = YES;
				COPY_PHASE_STRIP = NO;
				DEBUG_INFORMATION_FORMAT = dwarf;
				ENABLE_STRICT_OBJC_MSGSEND = YES;
				ENABLE_TESTABILITY = YES;
				ENABLE_USER_SCRIPT_SANDBOXING = YES;
				GCC_C_LANGUAGE_STANDARD = gnu17;
				GCC_DYNAMIC_NO_PIC = NO;
				GCC_NO_COMMON_BLOCKS = YES;
				GCC_OPTIMIZATION_LEVEL = 0;
				GCC_PREPROCESSOR_DEFINITIONS = (
					"DEBUG=1",
					"$(inherited)",
				);
				GCC_WARN_64_TO_32_BIT_CONVERSION = YES;
				GCC_WARN_ABOUT_RETURN_TYPE = YES_ERROR;
				GCC_WARN_UNDECLARED_SELECTOR = YES;
				GCC_WARN_UNINITIALIZED_AUTOS = YES_AGGRESSIVE;
				GCC_WARN_UNUSED_FUNCTION = YES;
				GCC_WARN_UNUSED_VARIABLE = YES;
				IPHONEOS_DEPLOYMENT_TARGET = 17.4;
				LOCALIZATION_PREFERS_STRING_CATALOGS = YES;
				MTL_ENABLE_DEBUG_INFO = INCLUDE_SOURCE;
				MTL_FAST_MATH = YES;
				ONLY_ACTIVE_ARCH = YES;
				SDKROOT = iphoneos;
				SWIFT_ACTIVE_COMPILATION_CONDITIONS = "DEBUG $(inherited)";
				SWIFT_OPTIMIZATION_LEVEL = "-Onone";
			};
			name = Debug;
		};
		4A98C69F2BE56EA500A49A15 /* Release */ = {
			isa = XCBuildConfiguration;
			buildSettings = {
				ALWAYS_SEARCH_USER_PATHS = NO;
				ASSETCATALOG_COMPILER_GENERATE_SWIFT_ASSET_SYMBOL_EXTENSIONS = YES;
				CLANG_ANALYZER_NONNULL = YES;
				CLANG_ANALYZER_NUMBER_OBJECT_CONVERSION = YES_AGGRESSIVE;
				CLANG_CXX_LANGUAGE_STANDARD = "gnu++20";
				CLANG_ENABLE_MODULES = YES;
				CLANG_ENABLE_OBJC_ARC = YES;
				CLANG_ENABLE_OBJC_WEAK = YES;
				CLANG_WARN_BLOCK_CAPTURE_AUTORELEASING = YES;
				CLANG_WARN_BOOL_CONVERSION = YES;
				CLANG_WARN_COMMA = YES;
				CLANG_WARN_CONSTANT_CONVERSION = YES;
				CLANG_WARN_DEPRECATED_OBJC_IMPLEMENTATIONS = YES;
				CLANG_WARN_DIRECT_OBJC_ISA_USAGE = YES_ERROR;
				CLANG_WARN_DOCUMENTATION_COMMENTS = YES;
				CLANG_WARN_EMPTY_BODY = YES;
				CLANG_WARN_ENUM_CONVERSION = YES;
				CLANG_WARN_INFINITE_RECURSION = YES;
				CLANG_WARN_INT_CONVERSION = YES;
				CLANG_WARN_NON_LITERAL_NULL_CONVERSION = YES;
				CLANG_WARN_OBJC_IMPLICIT_RETAIN_SELF = YES;
				CLANG_WARN_OBJC_LITERAL_CONVERSION = YES;
				CLANG_WARN_OBJC_ROOT_CLASS = YES_ERROR;
				CLANG_WARN_QUOTED_INCLUDE_IN_FRAMEWORK_HEADER = YES;
				CLANG_WARN_RANGE_LOOP_ANALYSIS = YES;
				CLANG_WARN_STRICT_PROTOTYPES = YES;
				CLANG_WARN_SUSPICIOUS_MOVE = YES;
				CLANG_WARN_UNGUARDED_AVAILABILITY = YES_AGGRESSIVE;
				CLANG_WARN_UNREACHABLE_CODE = YES;
				CLANG_WARN__DUPLICATE_METHOD_MATCH = YES;
				COPY_PHASE_STRIP = NO;
				DEBUG_INFORMATION_FORMAT = "dwarf-with-dsym";
				ENABLE_NS_ASSERTIONS = NO;
				ENABLE_STRICT_OBJC_MSGSEND = YES;
				ENABLE_USER_SCRIPT_SANDBOXING = YES;
				GCC_C_LANGUAGE_STANDARD = gnu17;
				GCC_NO_COMMON_BLOCKS = YES;
				GCC_WARN_64_TO_32_BIT_CONVERSION = YES;
				GCC_WARN_ABOUT_RETURN_TYPE = YES_ERROR;
				GCC_WARN_UNDECLARED_SELECTOR = YES;
				GCC_WARN_UNINITIALIZED_AUTOS = YES_AGGRESSIVE;
				GCC_WARN_UNUSED_FUNCTION = YES;
				GCC_WARN_UNUSED_VARIABLE = YES;
				IPHONEOS_DEPLOYMENT_TARGET = 17.4;
				LOCALIZATION_PREFERS_STRING_CATALOGS = YES;
				MTL_ENABLE_DEBUG_INFO = NO;
				MTL_FAST_MATH = YES;
				SDKROOT = iphoneos;
				SWIFT_COMPILATION_MODE = wholemodule;
				VALIDATE_PRODUCT = YES;
			};
			name = Release;
		};
		4A98C6A12BE56EA500A49A15 /* Debug */ = {
			isa = XCBuildConfiguration;
			buildSettings = {
				ASSETCATALOG_COMPILER_APPICON_NAME = AppIcon;
				ASSETCATALOG_COMPILER_GLOBAL_ACCENT_COLOR_NAME = AccentColor;
				CODE_SIGN_STYLE = Automatic;
				CURRENT_PROJECT_VERSION = 1;
				DEVELOPMENT_ASSET_PATHS = "\"Day Journal/Preview Content\"";
				DEVELOPMENT_TEAM = NW4HLMMSCB;
				ENABLE_PREVIEWS = YES;
				GENERATE_INFOPLIST_FILE = YES;
				INFOPLIST_KEY_UIApplicationSceneManifest_Generation = YES;
				INFOPLIST_KEY_UIApplicationSupportsIndirectInputEvents = YES;
				INFOPLIST_KEY_UILaunchScreen_Generation = YES;
				INFOPLIST_KEY_UISupportedInterfaceOrientations_iPad = "UIInterfaceOrientationPortrait UIInterfaceOrientationPortraitUpsideDown UIInterfaceOrientationLandscapeLeft UIInterfaceOrientationLandscapeRight";
				INFOPLIST_KEY_UISupportedInterfaceOrientations_iPhone = "UIInterfaceOrientationPortrait UIInterfaceOrientationLandscapeLeft UIInterfaceOrientationLandscapeRight";
				LD_RUNPATH_SEARCH_PATHS = (
					"$(inherited)",
					"@executable_path/Frameworks",
				);
				MARKETING_VERSION = 1.0;
				PRODUCT_BUNDLE_IDENTIFIER = "me.theppitak.Day-Journal";
				PRODUCT_NAME = "$(TARGET_NAME)";
				SWIFT_EMIT_LOC_STRINGS = YES;
				SWIFT_VERSION = 5.0;
				TARGETED_DEVICE_FAMILY = "1,2";
			};
			name = Debug;
		};
		4A98C6A22BE56EA500A49A15 /* Release */ = {
			isa = XCBuildConfiguration;
			buildSettings = {
				ASSETCATALOG_COMPILER_APPICON_NAME = AppIcon;
				ASSETCATALOG_COMPILER_GLOBAL_ACCENT_COLOR_NAME = AccentColor;
				CODE_SIGN_STYLE = Automatic;
				CURRENT_PROJECT_VERSION = 1;
				DEVELOPMENT_ASSET_PATHS = "\"Day Journal/Preview Content\"";
				DEVELOPMENT_TEAM = NW4HLMMSCB;
				ENABLE_PREVIEWS = YES;
				GENERATE_INFOPLIST_FILE = YES;
				INFOPLIST_KEY_UIApplicationSceneManifest_Generation = YES;
				INFOPLIST_KEY_UIApplicationSupportsIndirectInputEvents = YES;
				INFOPLIST_KEY_UILaunchScreen_Generation = YES;
				INFOPLIST_KEY_UISupportedInterfaceOrientations_iPad = "UIInterfaceOrientationPortrait UIInterfaceOrientationPortraitUpsideDown UIInterfaceOrientationLandscapeLeft UIInterfaceOrientationLandscapeRight";
				INFOPLIST_KEY_UISupportedInterfaceOrientations_iPhone = "UIInterfaceOrientationPortrait UIInterfaceOrientationLandscapeLeft UIInterfaceOrientationLandscapeRight";
				LD_RUNPATH_SEARCH_PATHS = (
					"$(inherited)",
					"@executable_path/Frameworks",
				);
				MARKETING_VERSION = 1.0;
				PRODUCT_BUNDLE_IDENTIFIER = "me.theppitak.Day-Journal";
				PRODUCT_NAME = "$(TARGET_NAME)";
				SWIFT_EMIT_LOC_STRINGS = YES;
				SWIFT_VERSION = 5.0;
				TARGETED_DEVICE_FAMILY = "1,2";
			};
			name = Release;
		};
/* End XCBuildConfiguration section */

/* Begin XCConfigurationList section */
		4A98C68D2BE56EA300A49A15 /* Build configuration list for PBXProject "Day Journal" */ = {
			isa = XCConfigurationList;
			buildConfigurations = (
				4A98C69E2BE56EA500A49A15 /* Debug */,
				4A98C69F2BE56EA500A49A15 /* Release */,
			);
			defaultConfigurationIsVisible = 0;
			defaultConfigurationName = Release;
		};
		4A98C6A02BE56EA500A49A15 /* Build configuration list for PBXNativeTarget "Day Journal" */ = {
			isa = XCConfigurationList;
			buildConfigurations = (
				4A98C6A12BE56EA500A49A15 /* Debug */,
				4A98C6A22BE56EA500A49A15 /* Release */,
			);
			defaultConfigurationIsVisible = 0;
			defaultConfigurationName = Release;
		};
/* End XCConfigurationList section */
	};
	rootObject = 4A98C68A2BE56EA300A49A15 /* Project object */;
}
